
Microsoft Visual Studio Solution File, Format Version 12.00
# Visual Studio Version 17
VisualStudioVersion = 17.9.34723.18
MinimumVisualStudioVersion = 10.0.40219.1
Project("{FAE04EC0-301F-11D3-BF4B-00C04F79EFBC}") = "ApiChat", "ApiChat\ApiChat.csproj", "{79C60125-C173-4317-9BD9-F15F908CF371}"
EndProject
Global
	GlobalSection(SolutionConfigurationPlatforms) = preSolution
		Debug|Any CPU = Debug|Any CPU
		Release|Any CPU = Release|Any CPU
	EndGlobalSection
	GlobalSection(ProjectConfigurationPlatforms) = postSolution
		{79C60125-C173-4317-9BD9-F15F908CF371}.Debug|Any CPU.ActiveCfg = Debug|Any CPU
		{79C60125-C173-4317-9BD9-F15F908CF371}.Debug|Any CPU.Build.0 = Debug|Any CPU
		{79C60125-C173-4317-9BD9-F15F908CF371}.Release|Any CPU.ActiveCfg = Release|Any CPU
		{79C60125-C173-4317-9BD9-F15F908CF371}.Release|Any CPU.Build.0 = Release|Any CPU
	EndGlobalSection
	GlobalSection(SolutionProperties) = preSolution
		HideSolutionNode = FALSE
	EndGlobalSection
	GlobalSection(ExtensibilityGlobals) = postSolution
		SolutionGuid = {70FBA11A-EA7D-4822-93BA-44F65130B0AE}
	EndGlobalSection
EndGlobal
